
Microsoft Visual Studio Solution File, Format Version 12.00
# Visual Studio Version 17
VisualStudioVersion = 17.14.36511.14 d17.14
MinimumVisualStudioVersion = 10.0.40219.1
Project("{FAE04EC0-301F-11D3-BF4B-00C04F79EFBC}") = "Payment_Project_AP", "Payment_Project_AP\Payment_Project_AP.csproj", "{A7CE0CAD-C54C-4B4B-BC44-5BF69449EEED}"
EndProject
Global
	GlobalSection(SolutionConfigurationPlatforms) = preSolution
		Debug|Any CPU = Debug|Any CPU
		Release|Any CPU = Release|Any CPU
	EndGlobalSection
	GlobalSection(ProjectConfigurationPlatforms) = postSolution
		{A7CE0CAD-C54C-4B4B-BC44-5BF69449EEED}.Debug|Any CPU.ActiveCfg = Debug|Any CPU
		{A7CE0CAD-C54C-4B4B-BC44-5BF69449EEED}.Debug|Any CPU.Build.0 = Debug|Any CPU
		{A7CE0CAD-C54C-4B4B-BC44-5BF69449EEED}.Release|Any CPU.ActiveCfg = Release|Any CPU
		{A7CE0CAD-C54C-4B4B-BC44-5BF69449EEED}.Release|Any CPU.Build.0 = Release|Any CPU
	EndGlobalSection
	GlobalSection(SolutionProperties) = preSolution
		HideSolutionNode = FALSE
	EndGlobalSection
	GlobalSection(ExtensibilityGlobals) = postSolution
		SolutionGuid = {70AD01F9-3C32-450A-B0A4-0640944BBB7C}
	EndGlobalSection
EndGlobal
